
Microsoft Visual Studio Solution File, Format Version 12.00
# Visual Studio Version 16
VisualStudioVersion = 16.0.30406.217
MinimumVisualStudioVersion = 10.0.40219.1
Project("{FAE04EC0-301F-11D3-BF4B-00C04F79EFBC}") = "WebApplicationAzureKeyVault", "WebApplicationAzureKeyVault\WebApplicationAzureKeyVault.csproj", "{4569723C-6FF3-4C9C-9D3B-E6CE2592218B}"
EndProject
Global
	GlobalSection(SolutionConfigurationPlatforms) = preSolution
		Debug|Any CPU = Debug|Any CPU
		Release|Any CPU = Release|Any CPU
	EndGlobalSection
	GlobalSection(ProjectConfigurationPlatforms) = postSolution
		{4569723C-6FF3-4C9C-9D3B-E6CE2592218B}.Debug|Any CPU.ActiveCfg = Debug|Any CPU
		{4569723C-6FF3-4C9C-9D3B-E6CE2592218B}.Debug|Any CPU.Build.0 = Debug|Any CPU
		{4569723C-6FF3-4C9C-9D3B-E6CE2592218B}.Release|Any CPU.ActiveCfg = Release|Any CPU
		{4569723C-6FF3-4C9C-9D3B-E6CE2592218B}.Release|Any CPU.Build.0 = Release|Any CPU
	EndGlobalSection
	GlobalSection(SolutionProperties) = preSolution
		HideSolutionNode = FALSE
	EndGlobalSection
	GlobalSection(ExtensibilityGlobals) = postSolution
		SolutionGuid = {6D0EC86E-E47E-4DFB-8D6A-A836805611A4}
	EndGlobalSection
EndGlobal
